// !$*UTF8*$!
{
	archiveVersion = 1;
	classes = {
	};
	objectVersion = 56;
	objects = {

/* Begin PBXBuildFile section */
		BC8F1B5C2C5A1931005D63CB /* AddingNumbersViewController.swift in Sources */ = {isa = PBXBuildFile; fileRef = BC8F1B5B2C5A1931005D63CB /* AddingNumbersViewController.swift */; };
		BC8F1B5E2C5A1C7D005D63CB /* ValidationViewController.swift in Sources */ = {isa = PBXBuildFile; fileRef = BC8F1B5D2C5A1C7D005D63CB /* ValidationViewController.swift */; };
		BC8F1B602C5A24E2005D63CB /* ExampleTableViewController.swift in Sources */ = {isa = PBXBuildFile; fileRef = BC8F1B5F2C5A24E2005D63CB /* ExampleTableViewController.swift */; };
		BC8F1B622C5A29DF005D63CB /* ViewController.swift in Sources */ = {isa = PBXBuildFile; fileRef = BC8F1B612C5A29DF005D63CB /* ViewController.swift */; };
		BC8F1B662C5A2A56005D63CB /* WireFrame.swift in Sources */ = {isa = PBXBuildFile; fileRef = BC8F1B652C5A2A56005D63CB /* WireFrame.swift */; };
		BCCB4C972C58757B00B4B950 /* AppDelegate.swift in Sources */ = {isa = PBXBuildFile; fileRef = BCCB4C962C58757B00B4B950 /* AppDelegate.swift */; };
		BCCB4C992C58757B00B4B950 /* SceneDelegate.swift in Sources */ = {isa = PBXBuildFile; fileRef = BCCB4C982C58757B00B4B950 /* SceneDelegate.swift */; };
		BCCB4C9B2C58757B00B4B950 /* TestViewController.swift in Sources */ = {isa = PBXBuildFile; fileRef = BCCB4C9A2C58757B00B4B950 /* TestViewController.swift */; };
		BCCB4C9E2C58757B00B4B950 /* Base in Resources */ = {isa = PBXBuildFile; fileRef = BCCB4C9D2C58757B00B4B950 /* Base */; };
		BCCB4CA02C58757C00B4B950 /* Assets.xcassets in Resources */ = {isa = PBXBuildFile; fileRef = BCCB4C9F2C58757C00B4B950 /* Assets.xcassets */; };
		BCCB4CA32C58757C00B4B950 /* Base in Resources */ = {isa = PBXBuildFile; fileRef = BCCB4CA22C58757C00B4B950 /* Base */; };
		BCCB4CAC2C5875C900B4B950 /* RxCocoa in Frameworks */ = {isa = PBXBuildFile; productRef = BCCB4CAB2C5875C900B4B950 /* RxCocoa */; };
		BCCB4CAE2C5875C900B4B950 /* RxSwift in Frameworks */ = {isa = PBXBuildFile; productRef = BCCB4CAD2C5875C900B4B950 /* RxSwift */; };
		BCCB4CB92C587B0100B4B950 /* SnapKit in Frameworks */ = {isa = PBXBuildFile; productRef = BCCB4CB82C587B0100B4B950 /* SnapKit */; };
		BCCB4CBB2C58AC9E00B4B950 /* BasicButtonViewController.swift in Sources */ = {isa = PBXBuildFile; fileRef = BCCB4CBA2C58AC9E00B4B950 /* BasicButtonViewController.swift */; };
		BCCB4CBD2C58C06A00B4B950 /* OperatorViewController.swift in Sources */ = {isa = PBXBuildFile; fileRef = BCCB4CBC2C58C06A00B4B950 /* OperatorViewController.swift */; };
		BCCB4CC22C58D29200B4B950 /* ExamPickerViewController.swift in Sources */ = {isa = PBXBuildFile; fileRef = BCCB4CC12C58D29200B4B950 /* ExamPickerViewController.swift */; };
		BCCB4CC52C58D92600B4B950 /* ExamTableViewController.swift in Sources */ = {isa = PBXBuildFile; fileRef = BCCB4CC42C58D92600B4B950 /* ExamTableViewController.swift */; };
		BCCB4CC72C58DC3B00B4B950 /* ExamSwitchViewController.swift in Sources */ = {isa = PBXBuildFile; fileRef = BCCB4CC62C58DC3B00B4B950 /* ExamSwitchViewController.swift */; };
		BCCB4CC92C58DE9500B4B950 /* ExamCombineViewController.swift in Sources */ = {isa = PBXBuildFile; fileRef = BCCB4CC82C58DE9500B4B950 /* ExamCombineViewController.swift */; };
		BCCB4CCC2C58E1FE00B4B950 /* UIViewController+Extension.swift in Sources */ = {isa = PBXBuildFile; fileRef = BCCB4CCB2C58E1FE00B4B950 /* UIViewController+Extension.swift */; };
		BCCB4CD02C58E3E600B4B950 /* ExamObservableViewController.swift in Sources */ = {isa = PBXBuildFile; fileRef = BCCB4CCF2C58E3E600B4B950 /* ExamObservableViewController.swift */; };
		BCCB4CD42C59DF7900B4B950 /* UserViewController.swift in Sources */ = {isa = PBXBuildFile; fileRef = BCCB4CD32C59DF7900B4B950 /* UserViewController.swift */; };
/* End PBXBuildFile section */

/* Begin PBXFileReference section */
		BC8F1B5B2C5A1931005D63CB /* AddingNumbersViewController.swift */ = {isa = PBXFileReference; lastKnownFileType = sourcecode.swift; path = AddingNumbersViewController.swift; sourceTree = "<group>"; };
		BC8F1B5D2C5A1C7D005D63CB /* ValidationViewController.swift */ = {isa = PBXFileReference; lastKnownFileType = sourcecode.swift; path = ValidationViewController.swift; sourceTree = "<group>"; };
		BC8F1B5F2C5A24E2005D63CB /* ExampleTableViewController.swift */ = {isa = PBXFileReference; lastKnownFileType = sourcecode.swift; path = ExampleTableViewController.swift; sourceTree = "<group>"; };
		BC8F1B612C5A29DF005D63CB /* ViewController.swift */ = {isa = PBXFileReference; lastKnownFileType = sourcecode.swift; path = ViewController.swift; sourceTree = "<group>"; };
		BC8F1B652C5A2A56005D63CB /* WireFrame.swift */ = {isa = PBXFileReference; lastKnownFileType = sourcecode.swift; path = WireFrame.swift; sourceTree = "<group>"; };
		BCCB4C932C58757B00B4B950 /* RxSwiftPractice.app */ = {isa = PBXFileReference; explicitFileType = wrapper.application; includeInIndex = 0; path = RxSwiftPractice.app; sourceTree = BUILT_PRODUCTS_DIR; };
		BCCB4C962C58757B00B4B950 /* AppDelegate.swift */ = {isa = PBXFileReference; lastKnownFileType = sourcecode.swift; path = AppDelegate.swift; sourceTree = "<group>"; };
		BCCB4C982C58757B00B4B950 /* SceneDelegate.swift */ = {isa = PBXFileReference; lastKnownFileType = sourcecode.swift; path = SceneDelegate.swift; sourceTree = "<group>"; };
		BCCB4C9A2C58757B00B4B950 /* TestViewController.swift */ = {isa = PBXFileReference; lastKnownFileType = sourcecode.swift; path = TestViewController.swift; sourceTree = "<group>"; };
		BCCB4C9D2C58757B00B4B950 /* Base */ = {isa = PBXFileReference; lastKnownFileType = file.storyboard; name = Base; path = Base.lproj/Main.storyboard; sourceTree = "<group>"; };
		BCCB4C9F2C58757C00B4B950 /* Assets.xcassets */ = {isa = PBXFileReference; lastKnownFileType = folder.assetcatalog; path = Assets.xcassets; sourceTree = "<group>"; };
		BCCB4CA22C58757C00B4B950 /* Base */ = {isa = PBXFileReference; lastKnownFileType = file.storyboard; name = Base; path = Base.lproj/LaunchScreen.storyboard; sourceTree = "<group>"; };
		BCCB4CA42C58757C00B4B950 /* Info.plist */ = {isa = PBXFileReference; lastKnownFileType = text.plist.xml; path = Info.plist; sourceTree = "<group>"; };
		BCCB4CBA2C58AC9E00B4B950 /* BasicButtonViewController.swift */ = {isa = PBXFileReference; lastKnownFileType = sourcecode.swift; path = BasicButtonViewController.swift; sourceTree = "<group>"; };
		BCCB4CBC2C58C06A00B4B950 /* OperatorViewController.swift */ = {isa = PBXFileReference; lastKnownFileType = sourcecode.swift; path = OperatorViewController.swift; sourceTree = "<group>"; };
		BCCB4CC12C58D29200B4B950 /* ExamPickerViewController.swift */ = {isa = PBXFileReference; lastKnownFileType = sourcecode.swift; path = ExamPickerViewController.swift; sourceTree = "<group>"; };
		BCCB4CC42C58D92600B4B950 /* ExamTableViewController.swift */ = {isa = PBXFileReference; lastKnownFileType = sourcecode.swift; path = ExamTableViewController.swift; sourceTree = "<group>"; };
		BCCB4CC62C58DC3B00B4B950 /* ExamSwitchViewController.swift */ = {isa = PBXFileReference; lastKnownFileType = sourcecode.swift; path = ExamSwitchViewController.swift; sourceTree = "<group>"; };
		BCCB4CC82C58DE9500B4B950 /* ExamCombineViewController.swift */ = {isa = PBXFileReference; lastKnownFileType = sourcecode.swift; path = ExamCombineViewController.swift; sourceTree = "<group>"; };
		BCCB4CCB2C58E1FE00B4B950 /* UIViewController+Extension.swift */ = {isa = PBXFileReference; lastKnownFileType = sourcecode.swift; path = "UIViewController+Extension.swift"; sourceTree = "<group>"; };
		BCCB4CCF2C58E3E600B4B950 /* ExamObservableViewController.swift */ = {isa = PBXFileReference; lastKnownFileType = sourcecode.swift; path = ExamObservableViewController.swift; sourceTree = "<group>"; };
		BCCB4CD32C59DF7900B4B950 /* UserViewController.swift */ = {isa = PBXFileReference; lastKnownFileType = sourcecode.swift; path = UserViewController.swift; sourceTree = "<group>"; };
/* End PBXFileReference section */

/* Begin PBXFrameworksBuildPhase section */
		BCCB4C902C58757B00B4B950 /* Frameworks */ = {
			isa = PBXFrameworksBuildPhase;
			buildActionMask = 2147483647;
			files = (
				BCCB4CB92C587B0100B4B950 /* SnapKit in Frameworks */,
				BCCB4CAE2C5875C900B4B950 /* RxSwift in Frameworks */,
				BCCB4CAC2C5875C900B4B950 /* RxCocoa in Frameworks */,
			);
			runOnlyForDeploymentPostprocessing = 0;
		};
/* End PBXFrameworksBuildPhase section */

/* Begin PBXGroup section */
		BC8F1B582C5A11BF005D63CB /* practice1 */ = {
			isa = PBXGroup;
			children = (
				BCCB4CCD2C58E3B900B4B950 /* example2 */,
				BCCB4CCE2C58E3D000B4B950 /* example3 */,
			);
			path = practice1;
			sourceTree = "<group>";
		};
		BC8F1B592C5A11FB005D63CB /* practice2 */ = {
			isa = PBXGroup;
			children = (
				BC8F1B5B2C5A1931005D63CB /* AddingNumbersViewController.swift */,
				BC8F1B5D2C5A1C7D005D63CB /* ValidationViewController.swift */,
				BC8F1B5F2C5A24E2005D63CB /* ExampleTableViewController.swift */,
			);
			path = practice2;
			sourceTree = "<group>";
		};
		BC8F1B632C5A2A30005D63CB /* Common */ = {
			isa = PBXGroup;
			children = (
				BC8F1B642C5A2A36005D63CB /* Services */,
				BCCB4CCA2C58E1F000B4B950 /* Extension */,
			);
			path = Common;
			sourceTree = "<group>";
		};
		BC8F1B642C5A2A36005D63CB /* Services */ = {
			isa = PBXGroup;
			children = (
				BC8F1B652C5A2A56005D63CB /* WireFrame.swift */,
			);
			path = Services;
			sourceTree = "<group>";
		};
		BCCB4C8A2C58757B00B4B950 = {
			isa = PBXGroup;
			children = (
				BCCB4C952C58757B00B4B950 /* RxSwiftPractice */,
				BCCB4C942C58757B00B4B950 /* Products */,
			);
			sourceTree = "<group>";
		};
		BCCB4C942C58757B00B4B950 /* Products */ = {
			isa = PBXGroup;
			children = (
				BCCB4C932C58757B00B4B950 /* RxSwiftPractice.app */,
			);
			name = Products;
			sourceTree = "<group>";
		};
		BCCB4C952C58757B00B4B950 /* RxSwiftPractice */ = {
			isa = PBXGroup;
			children = (
				BC8F1B632C5A2A30005D63CB /* Common */,
				BCCB4CC32C58D4AB00B4B950 /* Example */,
				BCCB4CC02C58D1D800B4B950 /* Practice */,
				BCCB4C962C58757B00B4B950 /* AppDelegate.swift */,
				BCCB4C982C58757B00B4B950 /* SceneDelegate.swift */,
				BC8F1B612C5A29DF005D63CB /* ViewController.swift */,
				BCCB4C9C2C58757B00B4B950 /* Main.storyboard */,
				BCCB4C9F2C58757C00B4B950 /* Assets.xcassets */,
				BCCB4CA12C58757C00B4B950 /* LaunchScreen.storyboard */,
				BCCB4CA42C58757C00B4B950 /* Info.plist */,
			);
			path = RxSwiftPractice;
			sourceTree = "<group>";
		};
		BCCB4CC02C58D1D800B4B950 /* Practice */ = {
			isa = PBXGroup;
			children = (
				BC8F1B582C5A11BF005D63CB /* practice1 */,
				BC8F1B592C5A11FB005D63CB /* practice2 */,
			);
			path = Practice;
			sourceTree = "<group>";
		};
		BCCB4CC32C58D4AB00B4B950 /* Example */ = {
			isa = PBXGroup;
			children = (
				BCCB4C9A2C58757B00B4B950 /* TestViewController.swift */,
				BCCB4CBA2C58AC9E00B4B950 /* BasicButtonViewController.swift */,
				BCCB4CBC2C58C06A00B4B950 /* OperatorViewController.swift */,
				BCCB4CD32C59DF7900B4B950 /* UserViewController.swift */,
			);
			path = Example;
			sourceTree = "<group>";
		};
		BCCB4CCA2C58E1F000B4B950 /* Extension */ = {
			isa = PBXGroup;
			children = (
				BCCB4CCB2C58E1FE00B4B950 /* UIViewController+Extension.swift */,
			);
			path = Extension;
			sourceTree = "<group>";
		};
		BCCB4CCD2C58E3B900B4B950 /* example2 */ = {
			isa = PBXGroup;
			children = (
				BCCB4CC12C58D29200B4B950 /* ExamPickerViewController.swift */,
				BCCB4CC42C58D92600B4B950 /* ExamTableViewController.swift */,
				BCCB4CC62C58DC3B00B4B950 /* ExamSwitchViewController.swift */,
				BCCB4CC82C58DE9500B4B950 /* ExamCombineViewController.swift */,
			);
			path = example2;
			sourceTree = "<group>";
		};
		BCCB4CCE2C58E3D000B4B950 /* example3 */ = {
			isa = PBXGroup;
			children = (
				BCCB4CCF2C58E3E600B4B950 /* ExamObservableViewController.swift */,
			);
			path = example3;
			sourceTree = "<group>";
		};
/* End PBXGroup section */

/* Begin PBXNativeTarget section */
		BCCB4C922C58757B00B4B950 /* RxSwiftPractice */ = {
			isa = PBXNativeTarget;
			buildConfigurationList = BCCB4CA72C58757C00B4B950 /* Build configuration list for PBXNativeTarget "RxSwiftPractice" */;
			buildPhases = (
				BCCB4C8F2C58757B00B4B950 /* Sources */,
				BCCB4C902C58757B00B4B950 /* Frameworks */,
				BCCB4C912C58757B00B4B950 /* Resources */,
			);
			buildRules = (
			);
			dependencies = (
			);
			name = RxSwiftPractice;
			packageProductDependencies = (
				BCCB4CAB2C5875C900B4B950 /* RxCocoa */,
				BCCB4CAD2C5875C900B4B950 /* RxSwift */,
				BCCB4CB82C587B0100B4B950 /* SnapKit */,
			);
			productName = RxSwiftPractice;
			productReference = BCCB4C932C58757B00B4B950 /* RxSwiftPractice.app */;
			productType = "com.apple.product-type.application";
		};
/* End PBXNativeTarget section */

/* Begin PBXProject section */
		BCCB4C8B2C58757B00B4B950 /* Project object */ = {
			isa = PBXProject;
			attributes = {
				BuildIndependentTargetsInParallel = 1;
				LastSwiftUpdateCheck = 1540;
				LastUpgradeCheck = 1540;
				TargetAttributes = {
					BCCB4C922C58757B00B4B950 = {
						CreatedOnToolsVersion = 15.4;
					};
				};
			};
			buildConfigurationList = BCCB4C8E2C58757B00B4B950 /* Build configuration list for PBXProject "RxSwiftPractice" */;
			compatibilityVersion = "Xcode 14.0";
			developmentRegion = en;
			hasScannedForEncodings = 0;
			knownRegions = (
				en,
				Base,
			);
			mainGroup = BCCB4C8A2C58757B00B4B950;
			packageReferences = (
				BCCB4CAA2C5875C900B4B950 /* XCRemoteSwiftPackageReference "RxSwift" */,
				BCCB4CB72C587B0100B4B950 /* XCRemoteSwiftPackageReference "SnapKit" */,
			);
			productRefGroup = BCCB4C942C58757B00B4B950 /* Products */;
			projectDirPath = "";
			projectRoot = "";
			targets = (
				BCCB4C922C58757B00B4B950 /* RxSwiftPractice */,
			);
		};
/* End PBXProject section */

/* Begin PBXResourcesBuildPhase section */
		BCCB4C912C58757B00B4B950 /* Resources */ = {
			isa = PBXResourcesBuildPhase;
			buildActionMask = 2147483647;
			files = (
				BCCB4CA02C58757C00B4B950 /* Assets.xcassets in Resources */,
				BCCB4CA32C58757C00B4B950 /* Base in Resources */,
				BCCB4C9E2C58757B00B4B950 /* Base in Resources */,
			);
			runOnlyForDeploymentPostprocessing = 0;
		};
/* End PBXResourcesBuildPhase section */

/* Begin PBXSourcesBuildPhase section */
		BCCB4C8F2C58757B00B4B950 /* Sources */ = {
			isa = PBXSourcesBuildPhase;
			buildActionMask = 2147483647;
			files = (
				BC8F1B602C5A24E2005D63CB /* ExampleTableViewController.swift in Sources */,
				BCCB4CBD2C58C06A00B4B950 /* OperatorViewController.swift in Sources */,
				BCCB4CCC2C58E1FE00B4B950 /* UIViewController+Extension.swift in Sources */,
				BCCB4CD42C59DF7900B4B950 /* UserViewController.swift in Sources */,
				BC8F1B5E2C5A1C7D005D63CB /* ValidationViewController.swift in Sources */,
				BCCB4C9B2C58757B00B4B950 /* TestViewController.swift in Sources */,
				BCCB4CD02C58E3E600B4B950 /* ExamObservableViewController.swift in Sources */,
				BCCB4CC52C58D92600B4B950 /* ExamTableViewController.swift in Sources */,
				BCCB4C972C58757B00B4B950 /* AppDelegate.swift in Sources */,
				BCCB4C992C58757B00B4B950 /* SceneDelegate.swift in Sources */,
				BCCB4CC92C58DE9500B4B950 /* ExamCombineViewController.swift in Sources */,
				BCCB4CC22C58D29200B4B950 /* ExamPickerViewController.swift in Sources */,
				BC8F1B662C5A2A56005D63CB /* WireFrame.swift in Sources */,
				BC8F1B5C2C5A1931005D63CB /* AddingNumbersViewController.swift in Sources */,
				BCCB4CC72C58DC3B00B4B950 /* ExamSwitchViewController.swift in Sources */,
				BC8F1B622C5A29DF005D63CB /* ViewController.swift in Sources */,
				BCCB4CBB2C58AC9E00B4B950 /* BasicButtonViewController.swift in Sources */,
			);
			runOnlyForDeploymentPostprocessing = 0;
		};
/* End PBXSourcesBuildPhase section */

/* Begin PBXVariantGroup section */
		BCCB4C9C2C58757B00B4B950 /* Main.storyboard */ = {
			isa = PBXVariantGroup;
			children = (
				BCCB4C9D2C58757B00B4B950 /* Base */,
			);
			name = Main.storyboard;
			sourceTree = "<group>";
		};
		BCCB4CA12C58757C00B4B950 /* LaunchScreen.storyboard */ = {
			isa = PBXVariantGroup;
			children = (
				BCCB4CA22C58757C00B4B950 /* Base */,
			);
			name = LaunchScreen.storyboard;
			sourceTree = "<group>";
		};
/* End PBXVariantGroup section */

/* Begin XCBuildConfiguration section */
		BCCB4CA52C58757C00B4B950 /* Debug */ = {
			isa = XCBuildConfiguration;
			buildSettings = {
				ALWAYS_SEARCH_USER_PATHS = NO;
				ASSETCATALOG_COMPILER_GENERATE_SWIFT_ASSET_SYMBOL_EXTENSIONS = YES;
				CLANG_ANALYZER_NONNULL = YES;
				CLANG_ANALYZER_NUMBER_OBJECT_CONVERSION = YES_AGGRESSIVE;
				CLANG_CXX_LANGUAGE_STANDARD = "gnu++20";
				CLANG_ENABLE_MODULES = YES;
				CLANG_ENABLE_OBJC_ARC = YES;
				CLANG_ENABLE_OBJC_WEAK = YES;
				CLANG_WARN_BLOCK_CAPTURE_AUTORELEASING = YES;
				CLANG_WARN_BOOL_CONVERSION = YES;
				CLANG_WARN_COMMA = YES;
				CLANG_WARN_CONSTANT_CONVERSION = YES;
				CLANG_WARN_DEPRECATED_OBJC_IMPLEMENTATIONS = YES;
				CLANG_WARN_DIRECT_OBJC_ISA_USAGE = YES_ERROR;
				CLANG_WARN_DOCUMENTATION_COMMENTS = YES;
				CLANG_WARN_EMPTY_BODY = YES;
				CLANG_WARN_ENUM_CONVERSION = YES;
				CLANG_WARN_INFINITE_RECURSION = YES;
				CLANG_WARN_INT_CONVERSION = YES;
				CLANG_WARN_NON_LITERAL_NULL_CONVERSION = YES;
				CLANG_WARN_OBJC_IMPLICIT_RETAIN_SELF = YES;
				CLANG_WARN_OBJC_LITERAL_CONVERSION = YES;
				CLANG_WARN_OBJC_ROOT_CLASS = YES_ERROR;
				CLANG_WARN_QUOTED_INCLUDE_IN_FRAMEWORK_HEADER = YES;
				CLANG_WARN_RANGE_LOOP_ANALYSIS = YES;
				CLANG_WARN_STRICT_PROTOTYPES = YES;
				CLANG_WARN_SUSPICIOUS_MOVE = YES;
				CLANG_WARN_UNGUARDED_AVAILABILITY = YES_AGGRESSIVE;
				CLANG_WARN_UNREACHABLE_CODE = YES;
				CLANG_WARN__DUPLICATE_METHOD_MATCH = YES;
				COPY_PHASE_STRIP = NO;
				DEBUG_INFORMATION_FORMAT = dwarf;
				ENABLE_STRICT_OBJC_MSGSEND = YES;
				ENABLE_TESTABILITY = YES;
				ENABLE_USER_SCRIPT_SANDBOXING = YES;
				GCC_C_LANGUAGE_STANDARD = gnu17;
				GCC_DYNAMIC_NO_PIC = NO;
				GCC_NO_COMMON_BLOCKS = YES;
				GCC_OPTIMIZATION_LEVEL = 0;
				GCC_PREPROCESSOR_DEFINITIONS = (
					"DEBUG=1",
					"$(inherited)",
				);
				GCC_WARN_64_TO_32_BIT_CONVERSION = YES;
				GCC_WARN_ABOUT_RETURN_TYPE = YES_ERROR;
				GCC_WARN_UNDECLARED_SELECTOR = YES;
				GCC_WARN_UNINITIALIZED_AUTOS = YES_AGGRESSIVE;
				GCC_WARN_UNUSED_FUNCTION = YES;
				GCC_WARN_UNUSED_VARIABLE = YES;
				IPHONEOS_DEPLOYMENT_TARGET = 17.5;
				LOCALIZATION_PREFERS_STRING_CATALOGS = YES;
				MTL_ENABLE_DEBUG_INFO = INCLUDE_SOURCE;
				MTL_FAST_MATH = YES;
				ONLY_ACTIVE_ARCH = YES;
				SDKROOT = iphoneos;
				SWIFT_ACTIVE_COMPILATION_CONDITIONS = "DEBUG $(inherited)";
				SWIFT_OPTIMIZATION_LEVEL = "-Onone";
			};
			name = Debug;
		};
		BCCB4CA62C58757C00B4B950 /* Release */ = {
			isa = XCBuildConfiguration;
			buildSettings = {
				ALWAYS_SEARCH_USER_PATHS = NO;
				ASSETCATALOG_COMPILER_GENERATE_SWIFT_ASSET_SYMBOL_EXTENSIONS = YES;
				CLANG_ANALYZER_NONNULL = YES;
				CLANG_ANALYZER_NUMBER_OBJECT_CONVERSION = YES_AGGRESSIVE;
				CLANG_CXX_LANGUAGE_STANDARD = "gnu++20";
				CLANG_ENABLE_MODULES = YES;
				CLANG_ENABLE_OBJC_ARC = YES;
				CLANG_ENABLE_OBJC_WEAK = YES;
				CLANG_WARN_BLOCK_CAPTURE_AUTORELEASING = YES;
				CLANG_WARN_BOOL_CONVERSION = YES;
				CLANG_WARN_COMMA = YES;
				CLANG_WARN_CONSTANT_CONVERSION = YES;
				CLANG_WARN_DEPRECATED_OBJC_IMPLEMENTATIONS = YES;
				CLANG_WARN_DIRECT_OBJC_ISA_USAGE = YES_ERROR;
				CLANG_WARN_DOCUMENTATION_COMMENTS = YES;
				CLANG_WARN_EMPTY_BODY = YES;
				CLANG_WARN_ENUM_CONVERSION = YES;
				CLANG_WARN_INFINITE_RECURSION = YES;
				CLANG_WARN_INT_CONVERSION = YES;
				CLANG_WARN_NON_LITERAL_NULL_CONVERSION = YES;
				CLANG_WARN_OBJC_IMPLICIT_RETAIN_SELF = YES;
				CLANG_WARN_OBJC_LITERAL_CONVERSION = YES;
				CLANG_WARN_OBJC_ROOT_CLASS = YES_ERROR;
				CLANG_WARN_QUOTED_INCLUDE_IN_FRAMEWORK_HEADER = YES;
				CLANG_WARN_RANGE_LOOP_ANALYSIS = YES;
				CLANG_WARN_STRICT_PROTOTYPES = YES;
				CLANG_WARN_SUSPICIOUS_MOVE = YES;
				CLANG_WARN_UNGUARDED_AVAILABILITY = YES_AGGRESSIVE;
				CLANG_WARN_UNREACHABLE_CODE = YES;
				CLANG_WARN__DUPLICATE_METHOD_MATCH = YES;
				COPY_PHASE_STRIP = NO;
				DEBUG_INFORMATION_FORMAT = "dwarf-with-dsym";
				ENABLE_NS_ASSERTIONS = NO;
				ENABLE_STRICT_OBJC_MSGSEND = YES;
				ENABLE_USER_SCRIPT_SANDBOXING = YES;
				GCC_C_LANGUAGE_STANDARD = gnu17;
				GCC_NO_COMMON_BLOCKS = YES;
				GCC_WARN_64_TO_32_BIT_CONVERSION = YES;
				GCC_WARN_ABOUT_RETURN_TYPE = YES_ERROR;
				GCC_WARN_UNDECLARED_SELECTOR = YES;
				GCC_WARN_UNINITIALIZED_AUTOS = YES_AGGRESSIVE;
				GCC_WARN_UNUSED_FUNCTION = YES;
				GCC_WARN_UNUSED_VARIABLE = YES;
				IPHONEOS_DEPLOYMENT_TARGET = 17.5;
				LOCALIZATION_PREFERS_STRING_CATALOGS = YES;
				MTL_ENABLE_DEBUG_INFO = NO;
				MTL_FAST_MATH = YES;
				SDKROOT = iphoneos;
				SWIFT_COMPILATION_MODE = wholemodule;
				VALIDATE_PRODUCT = YES;
			};
			name = Release;
		};
		BCCB4CA82C58757C00B4B950 /* Debug */ = {
			isa = XCBuildConfiguration;
			buildSettings = {
				ASSETCATALOG_COMPILER_APPICON_NAME = AppIcon;
				ASSETCATALOG_COMPILER_GLOBAL_ACCENT_COLOR_NAME = AccentColor;
				CODE_SIGN_STYLE = Automatic;
				CURRENT_PROJECT_VERSION = 1;
				GENERATE_INFOPLIST_FILE = YES;
				INFOPLIST_FILE = RxSwiftPractice/Info.plist;
				INFOPLIST_KEY_UIApplicationSupportsIndirectInputEvents = YES;
				INFOPLIST_KEY_UILaunchStoryboardName = LaunchScreen;
				INFOPLIST_KEY_UIMainStoryboardFile = Main;
				INFOPLIST_KEY_UISupportedInterfaceOrientations_iPad = "UIInterfaceOrientationPortrait UIInterfaceOrientationPortraitUpsideDown UIInterfaceOrientationLandscapeLeft UIInterfaceOrientationLandscapeRight";
				INFOPLIST_KEY_UISupportedInterfaceOrientations_iPhone = "UIInterfaceOrientationPortrait UIInterfaceOrientationLandscapeLeft UIInterfaceOrientationLandscapeRight";
				LD_RUNPATH_SEARCH_PATHS = (
					"$(inherited)",
					"@executable_path/Frameworks",
				);
				MARKETING_VERSION = 1.0;
				PRODUCT_BUNDLE_IDENTIFIER = tunastorm.RxSwiftPractice;
				PRODUCT_NAME = "$(TARGET_NAME)";
				SUPPORTED_PLATFORMS = "iphoneos iphonesimulator";
				SUPPORTS_MACCATALYST = NO;
				SUPPORTS_MAC_DESIGNED_FOR_IPHONE_IPAD = NO;
				SUPPORTS_XR_DESIGNED_FOR_IPHONE_IPAD = NO;
				SWIFT_EMIT_LOC_STRINGS = YES;
				SWIFT_VERSION = 5.0;
				TARGETED_DEVICE_FAMILY = 1;
			};
			name = Debug;
		};
		BCCB4CA92C58757C00B4B950 /* Release */ = {
			isa = XCBuildConfiguration;
			buildSettings = {
				ASSETCATALOG_COMPILER_APPICON_NAME = AppIcon;
				ASSETCATALOG_COMPILER_GLOBAL_ACCENT_COLOR_NAME = AccentColor;
				CODE_SIGN_STYLE = Automatic;
				CURRENT_PROJECT_VERSION = 1;
				GENERATE_INFOPLIST_FILE = YES;
				INFOPLIST_FILE = RxSwiftPractice/Info.plist;
				INFOPLIST_KEY_UIApplicationSupportsIndirectInputEvents = YES;
				INFOPLIST_KEY_UILaunchStoryboardName = LaunchScreen;
				INFOPLIST_KEY_UIMainStoryboardFile = Main;
				INFOPLIST_KEY_UISupportedInterfaceOrientations_iPad = "UIInterfaceOrientationPortrait UIInterfaceOrientationPortraitUpsideDown UIInterfaceOrientationLandscapeLeft UIInterfaceOrientationLandscapeRight";
				INFOPLIST_KEY_UISupportedInterfaceOrientations_iPhone = "UIInterfaceOrientationPortrait UIInterfaceOrientationLandscapeLeft UIInterfaceOrientationLandscapeRight";
				LD_RUNPATH_SEARCH_PATHS = (
					"$(inherited)",
					"@executable_path/Frameworks",
				);
				MARKETING_VERSION = 1.0;
				PRODUCT_BUNDLE_IDENTIFIER = tunastorm.RxSwiftPractice;
				PRODUCT_NAME = "$(TARGET_NAME)";
				SUPPORTED_PLATFORMS = "iphoneos iphonesimulator";
				SUPPORTS_MACCATALYST = NO;
				SUPPORTS_MAC_DESIGNED_FOR_IPHONE_IPAD = NO;
				SUPPORTS_XR_DESIGNED_FOR_IPHONE_IPAD = NO;
				SWIFT_EMIT_LOC_STRINGS = YES;
				SWIFT_VERSION = 5.0;
				TARGETED_DEVICE_FAMILY = 1;
			};
			name = Release;
		};
/* End XCBuildConfiguration section */

/* Begin XCConfigurationList section */
		BCCB4C8E2C58757B00B4B950 /* Build configuration list for PBXProject "RxSwiftPractice" */ = {
			isa = XCConfigurationList;
			buildConfigurations = (
				BCCB4CA52C58757C00B4B950 /* Debug */,
				BCCB4CA62C58757C00B4B950 /* Release */,
			);
			defaultConfigurationIsVisible = 0;
			defaultConfigurationName = Release;
		};
		BCCB4CA72C58757C00B4B950 /* Build configuration list for PBXNativeTarget "RxSwiftPractice" */ = {
			isa = XCConfigurationList;
			buildConfigurations = (
				BCCB4CA82C58757C00B4B950 /* Debug */,
				BCCB4CA92C58757C00B4B950 /* Release */,
			);
			defaultConfigurationIsVisible = 0;
			defaultConfigurationName = Release;
		};
/* End XCConfigurationList section */

/* Begin XCRemoteSwiftPackageReference section */
		BCCB4CAA2C5875C900B4B950 /* XCRemoteSwiftPackageReference "RxSwift" */ = {
			isa = XCRemoteSwiftPackageReference;
			repositoryURL = "https://github.com/ReactiveX/RxSwift.git";
			requirement = {
				kind = upToNextMajorVersion;
				minimumVersion = 6.7.1;
			};
		};
		BCCB4CB72C587B0100B4B950 /* XCRemoteSwiftPackageReference "SnapKit" */ = {
			isa = XCRemoteSwiftPackageReference;
			repositoryURL = "https://github.com/SnapKit/SnapKit.git";
			requirement = {
				kind = upToNextMajorVersion;
				minimumVersion = 5.7.1;
			};
		};
/* End XCRemoteSwiftPackageReference section */

/* Begin XCSwiftPackageProductDependency section */
		BCCB4CAB2C5875C900B4B950 /* RxCocoa */ = {
			isa = XCSwiftPackageProductDependency;
			package = BCCB4CAA2C5875C900B4B950 /* XCRemoteSwiftPackageReference "RxSwift" */;
			productName = RxCocoa;
		};
		BCCB4CAD2C5875C900B4B950 /* RxSwift */ = {
			isa = XCSwiftPackageProductDependency;
			package = BCCB4CAA2C5875C900B4B950 /* XCRemoteSwiftPackageReference "RxSwift" */;
			productName = RxSwift;
		};
		BCCB4CB82C587B0100B4B950 /* SnapKit */ = {
			isa = XCSwiftPackageProductDependency;
			package = BCCB4CB72C587B0100B4B950 /* XCRemoteSwiftPackageReference "SnapKit" */;
			productName = SnapKit;
		};
/* End XCSwiftPackageProductDependency section */
	};
	rootObject = BCCB4C8B2C58757B00B4B950 /* Project object */;
}
